{
  "pins" : [
    {
      "identity" : "git-kit",
      "kind" : "remoteSourceControl",
      "location" : "https://github.com/binarybirds/git-kit",
      "state" : {
        "revision" : "39a9357dd22ee189022c5db4cd82c6f438b02e1f",
        "version" : "1.0.1"
      }
    },
    {
      "identity" : "shell-kit",
      "kind" : "remoteSourceControl",
      "location" : "https://github.com/binarybirds/shell-kit",
      "state" : {
        "revision" : "8507fc5a1d4c9b4aca71fa69bf6030fb94229d37",
        "version" : "1.0.1"
      }
    },
    {
      "identity" : "swift-system",
      "kind" : "remoteSourceControl",
      "location" : "https://github.com/apple/swift-system.git",
      "state" : {
        "revision" : "836bc4557b74fe6d2660218d56e3ce96aff76574",
        "version" : "1.1.1"
      }
    },
    {
      "identity" : "swift-tools-support-core",
      "kind" : "remoteSourceControl",
      "location" : "https://github.com/apple/swift-tools-support-core",
      "state" : {
        "revision" : "b7667f3e266af621e5cc9c77e74cacd8e8c00cb4",
        "version" : "0.2.5"
      }
    }
  ],
  "version" : 2
}
